# THIS IS AN AUTOGENERATED FILE. DO NOT EDIT THIS FILE DIRECTLY.
# yarn lockfile v1


easemob-websdk@^3.4.2:
  version "3.4.2"
  resolved "https://registry.yarnpkg.com/easemob-websdk/-/easemob-websdk-3.4.2.tgz#425c0107daa650e01e87911cee50d1e3583bbadb"
  integrity sha512-751+97U6HEUZTfYykmsgL2RJhTU0UacaS2PcPjNXaARXcbTB4hjTEQvkDVXmc4gFGMVruz/pfzs9H7+z78mAVw==
