# THIS IS AN AUTOGENERATED FILE. DO NOT EDIT THIS FILE DIRECTLY.
# yarn lockfile v1


easemob-websdk@^3.5.0:
  version "3.5.0"
  resolved "https://registry.yarnpkg.com/easemob-websdk/-/easemob-websdk-3.5.0.tgz#07814faf3473eae70d4edfaf2d24b64815239bf1"
  integrity sha512-92bVl7o7nu/peGOcZIp2PZVEzP8IAHLkez+caktyQbbCis8qEGozYoQ7iDUyXoza0OleDVKK3gYXFVcUQrVBmg==
