# THIS IS AN AUTOGENERATED FILE. DO NOT EDIT THIS FILE DIRECTLY.
# yarn lockfile v1


easemob-websdk@^4.0.1:
  version "4.0.1"
  resolved "https://registry.yarnpkg.com/easemob-websdk/-/easemob-websdk-4.0.1.tgz#a23c13a002ed08369d60d0847d7940e2b83cf1e7"
  integrity sha512-9CaALqdii6OrTMm8Hc97On5lJCHQFhIU0wTavDESB/Hh3zDRH4kYdKzUnoG+6c1O4/UCbVbeD/h/zOjzDNShoQ==
